
Microsoft Visual Studio Solution File, Format Version 12.00
# Visual Studio Version 16
VisualStudioVersion = 16.0.29306.81
MinimumVisualStudioVersion = 10.0.40219.1
Project("{9A19103F-16F7-4668-BE54-9A1E7A4F7556}") = "BAIS3150Demo", "BAIS3150Demo.csproj", "{3FE58B07-FB00-4F83-B83A-AD7D38DFCB9F}"
EndProject
Global
	GlobalSection(SolutionConfigurationPlatforms) = preSolution
		Debug|Any CPU = Debug|Any CPU
		Release|Any CPU = Release|Any CPU
	EndGlobalSection
	GlobalSection(ProjectConfigurationPlatforms) = postSolution
		{3FE58B07-FB00-4F83-B83A-AD7D38DFCB9F}.Debug|Any CPU.ActiveCfg = Debug|Any CPU
		{3FE58B07-FB00-4F83-B83A-AD7D38DFCB9F}.Debug|Any CPU.Build.0 = Debug|Any CPU
		{3FE58B07-FB00-4F83-B83A-AD7D38DFCB9F}.Release|Any CPU.ActiveCfg = Release|Any CPU
		{3FE58B07-FB00-4F83-B83A-AD7D38DFCB9F}.Release|Any CPU.Build.0 = Release|Any CPU
	EndGlobalSection
	GlobalSection(SolutionProperties) = preSolution
		HideSolutionNode = FALSE
	EndGlobalSection
	GlobalSection(ExtensibilityGlobals) = postSolution
		SolutionGuid = {9AED82B7-16D9-4C09-B979-904AEE635E06}
	EndGlobalSection
EndGlobal
